
Microsoft Visual Studio Solution File, Format Version 12.00
# Visual Studio Version 16
VisualStudioVersion = 16.0.29613.14
MinimumVisualStudioVersion = 10.0.40219.1
Project("{FAE04EC0-301F-11D3-BF4B-00C04F79EFBC}") = "GolfApp", "GolfApp\GolfApp.csproj", "{79CF5777-ACBC-4C93-A5A5-7AF69F2029D5}"
EndProject
Global
	GlobalSection(SolutionConfigurationPlatforms) = preSolution
		Debug|Any CPU = Debug|Any CPU
		Release|Any CPU = Release|Any CPU
	EndGlobalSection
	GlobalSection(ProjectConfigurationPlatforms) = postSolution
		{79CF5777-ACBC-4C93-A5A5-7AF69F2029D5}.Debug|Any CPU.ActiveCfg = Debug|Any CPU
		{79CF5777-ACBC-4C93-A5A5-7AF69F2029D5}.Debug|Any CPU.Build.0 = Debug|Any CPU
		{79CF5777-ACBC-4C93-A5A5-7AF69F2029D5}.Release|Any CPU.ActiveCfg = Release|Any CPU
		{79CF5777-ACBC-4C93-A5A5-7AF69F2029D5}.Release|Any CPU.Build.0 = Release|Any CPU
	EndGlobalSection
	GlobalSection(SolutionProperties) = preSolution
		HideSolutionNode = FALSE
	EndGlobalSection
	GlobalSection(ExtensibilityGlobals) = postSolution
		SolutionGuid = {391A50EE-4B93-4F49-A32C-0A060E6CACED}
	EndGlobalSection
EndGlobal
